// !$*UTF8*$!
{
	archiveVersion = 1;
	classes = {
	};
	objectVersion = 46;
	objects = {

/* Begin PBXBuildFile section */
		CD0791BD1933A02A00FC245D /* PSEditMessageViewController.m in Sources */ = {isa = PBXBuildFile; fileRef = CD0791BC1933A02A00FC245D /* PSEditMessageViewController.m */; };
		CD6743BC19328AEB00BC8E19 /* Foundation.framework in Frameworks */ = {isa = PBXBuildFile; fileRef = CD6743BB19328AEB00BC8E19 /* Foundation.framework */; };
		CD6743BE19328AEB00BC8E19 /* CoreGraphics.framework in Frameworks */ = {isa = PBXBuildFile; fileRef = CD6743BD19328AEB00BC8E19 /* CoreGraphics.framework */; };
		CD6743C019328AEB00BC8E19 /* UIKit.framework in Frameworks */ = {isa = PBXBuildFile; fileRef = CD6743BF19328AEB00BC8E19 /* UIKit.framework */; };
		CD6743C619328AEB00BC8E19 /* InfoPlist.strings in Resources */ = {isa = PBXBuildFile; fileRef = CD6743C419328AEB00BC8E19 /* InfoPlist.strings */; };
		CD6743C819328AEB00BC8E19 /* main.m in Sources */ = {isa = PBXBuildFile; fileRef = CD6743C719328AEB00BC8E19 /* main.m */; };
		CD6743CC19328AEB00BC8E19 /* PSAppDelegate.m in Sources */ = {isa = PBXBuildFile; fileRef = CD6743CB19328AEB00BC8E19 /* PSAppDelegate.m */; };
		CD6743CF19328AEB00BC8E19 /* Main.storyboard in Resources */ = {isa = PBXBuildFile; fileRef = CD6743CD19328AEB00BC8E19 /* Main.storyboard */; };
		CD6743D219328AEB00BC8E19 /* PSMasterViewController.m in Sources */ = {isa = PBXBuildFile; fileRef = CD6743D119328AEB00BC8E19 /* PSMasterViewController.m */; };
		CD6743D519328AEB00BC8E19 /* PSDetailViewController.m in Sources */ = {isa = PBXBuildFile; fileRef = CD6743D419328AEB00BC8E19 /* PSDetailViewController.m */; };
		CD6743D719328AEB00BC8E19 /* Images.xcassets in Resources */ = {isa = PBXBuildFile; fileRef = CD6743D619328AEB00BC8E19 /* Images.xcassets */; };
		CD6743DE19328AEC00BC8E19 /* XCTest.framework in Frameworks */ = {isa = PBXBuildFile; fileRef = CD6743DD19328AEC00BC8E19 /* XCTest.framework */; };
		CD6743DF19328AEC00BC8E19 /* Foundation.framework in Frameworks */ = {isa = PBXBuildFile; fileRef = CD6743BB19328AEB00BC8E19 /* Foundation.framework */; };
		CD6743E019328AEC00BC8E19 /* UIKit.framework in Frameworks */ = {isa = PBXBuildFile; fileRef = CD6743BF19328AEB00BC8E19 /* UIKit.framework */; };
		CD6743E819328AEC00BC8E19 /* InfoPlist.strings in Resources */ = {isa = PBXBuildFile; fileRef = CD6743E619328AEC00BC8E19 /* InfoPlist.strings */; };
		CD6743EA19328AEC00BC8E19 /* AppDevMessageTests.m in Sources */ = {isa = PBXBuildFile; fileRef = CD6743E919328AEC00BC8E19 /* AppDevMessageTests.m */; };
		CD6743F419328B7200BC8E19 /* Parse.framework in Frameworks */ = {isa = PBXBuildFile; fileRef = CD6743F319328B7200BC8E19 /* Parse.framework */; };
		CD6743FE19328BF100BC8E19 /* AudioToolbox.framework in Frameworks */ = {isa = PBXBuildFile; fileRef = CD6743F519328BF100BC8E19 /* AudioToolbox.framework */; };
		CD6743FF19328BF100BC8E19 /* CFNetwork.framework in Frameworks */ = {isa = PBXBuildFile; fileRef = CD6743F619328BF100BC8E19 /* CFNetwork.framework */; };
		CD67440019328BF100BC8E19 /* CoreLocation.framework in Frameworks */ = {isa = PBXBuildFile; fileRef = CD6743F719328BF100BC8E19 /* CoreLocation.framework */; };
		CD67440119328BF100BC8E19 /* libz.dylib in Frameworks */ = {isa = PBXBuildFile; fileRef = CD6743F819328BF100BC8E19 /* libz.dylib */; };
		CD67440219328BF100BC8E19 /* MobileCoreServices.framework in Frameworks */ = {isa = PBXBuildFile; fileRef = CD6743F919328BF100BC8E19 /* MobileCoreServices.framework */; };
		CD67440319328BF100BC8E19 /* QuartzCore.framework in Frameworks */ = {isa = PBXBuildFile; fileRef = CD6743FA19328BF100BC8E19 /* QuartzCore.framework */; };
		CD67440419328BF100BC8E19 /* Security.framework in Frameworks */ = {isa = PBXBuildFile; fileRef = CD6743FB19328BF100BC8E19 /* Security.framework */; };
		CD67440519328BF100BC8E19 /* StoreKit.framework in Frameworks */ = {isa = PBXBuildFile; fileRef = CD6743FC19328BF100BC8E19 /* StoreKit.framework */; };
		CD67440619328BF100BC8E19 /* SystemConfiguration.framework in Frameworks */ = {isa = PBXBuildFile; fileRef = CD6743FD19328BF100BC8E19 /* SystemConfiguration.framework */; };
		CD67440C1932920C00BC8E19 /* PSNewMessageViewController.m in Sources */ = {isa = PBXBuildFile; fileRef = CD67440B1932920C00BC8E19 /* PSNewMessageViewController.m */; };
/* End PBXBuildFile section */

/* Begin PBXContainerItemProxy section */
		CD6743E119328AEC00BC8E19 /* PBXContainerItemProxy */ = {
			isa = PBXContainerItemProxy;
			containerPortal = CD6743B019328AEB00BC8E19 /* Project object */;
			proxyType = 1;
			remoteGlobalIDString = CD6743B719328AEB00BC8E19;
			remoteInfo = AppDevMessage;
		};
/* End PBXContainerItemProxy section */

/* Begin PBXFileReference section */
		CD0791BB1933A02A00FC245D /* PSEditMessageViewController.h */ = {isa = PBXFileReference; fileEncoding = 4; lastKnownFileType = sourcecode.c.h; path = PSEditMessageViewController.h; sourceTree = "<group>"; };
		CD0791BC1933A02A00FC245D /* PSEditMessageViewController.m */ = {isa = PBXFileReference; fileEncoding = 4; lastKnownFileType = sourcecode.c.objc; path = PSEditMessageViewController.m; sourceTree = "<group>"; };
		CD6743B819328AEB00BC8E19 /* AppDevMessage.app */ = {isa = PBXFileReference; explicitFileType = wrapper.application; includeInIndex = 0; path = AppDevMessage.app; sourceTree = BUILT_PRODUCTS_DIR; };
		CD6743BB19328AEB00BC8E19 /* Foundation.framework */ = {isa = PBXFileReference; lastKnownFileType = wrapper.framework; name = Foundation.framework; path = System/Library/Frameworks/Foundation.framework; sourceTree = SDKROOT; };
		CD6743BD19328AEB00BC8E19 /* CoreGraphics.framework */ = {isa = PBXFileReference; lastKnownFileType = wrapper.framework; name = CoreGraphics.framework; path = System/Library/Frameworks/CoreGraphics.framework; sourceTree = SDKROOT; };
		CD6743BF19328AEB00BC8E19 /* UIKit.framework */ = {isa = PBXFileReference; lastKnownFileType = wrapper.framework; name = UIKit.framework; path = System/Library/Frameworks/UIKit.framework; sourceTree = SDKROOT; };
		CD6743C319328AEB00BC8E19 /* AppDevMessage-Info.plist */ = {isa = PBXFileReference; lastKnownFileType = text.plist.xml; path = "AppDevMessage-Info.plist"; sourceTree = "<group>"; };
		CD6743C519328AEB00BC8E19 /* en */ = {isa = PBXFileReference; lastKnownFileType = text.plist.strings; name = en; path = en.lproj/InfoPlist.strings; sourceTree = "<group>"; };
		CD6743C719328AEB00BC8E19 /* main.m */ = {isa = PBXFileReference; lastKnownFileType = sourcecode.c.objc; path = main.m; sourceTree = "<group>"; };
		CD6743C919328AEB00BC8E19 /* AppDevMessage-Prefix.pch */ = {isa = PBXFileReference; lastKnownFileType = sourcecode.c.h; path = "AppDevMessage-Prefix.pch"; sourceTree = "<group>"; };
		CD6743CA19328AEB00BC8E19 /* PSAppDelegate.h */ = {isa = PBXFileReference; lastKnownFileType = sourcecode.c.h; path = PSAppDelegate.h; sourceTree = "<group>"; };
		CD6743CB19328AEB00BC8E19 /* PSAppDelegate.m */ = {isa = PBXFileReference; lastKnownFileType = sourcecode.c.objc; path = PSAppDelegate.m; sourceTree = "<group>"; };
		CD6743CE19328AEB00BC8E19 /* Base */ = {isa = PBXFileReference; lastKnownFileType = file.storyboard; name = Base; path = Base.lproj/Main.storyboard; sourceTree = "<group>"; };
		CD6743D019328AEB00BC8E19 /* PSMasterViewController.h */ = {isa = PBXFileReference; lastKnownFileType = sourcecode.c.h; path = PSMasterViewController.h; sourceTree = "<group>"; };
		CD6743D119328AEB00BC8E19 /* PSMasterViewController.m */ = {isa = PBXFileReference; lastKnownFileType = sourcecode.c.objc; path = PSMasterViewController.m; sourceTree = "<group>"; };
		CD6743D319328AEB00BC8E19 /* PSDetailViewController.h */ = {isa = PBXFileReference; lastKnownFileType = sourcecode.c.h; path = PSDetailViewController.h; sourceTree = "<group>"; };
		CD6743D419328AEB00BC8E19 /* PSDetailViewController.m */ = {isa = PBXFileReference; lastKnownFileType = sourcecode.c.objc; path = PSDetailViewController.m; sourceTree = "<group>"; };
		CD6743D619328AEB00BC8E19 /* Images.xcassets */ = {isa = PBXFileReference; lastKnownFileType = folder.assetcatalog; path = Images.xcassets; sourceTree = "<group>"; };
		CD6743DC19328AEC00BC8E19 /* AppDevMessageTests.xctest */ = {isa = PBXFileReference; explicitFileType = wrapper.cfbundle; includeInIndex = 0; path = AppDevMessageTests.xctest; sourceTree = BUILT_PRODUCTS_DIR; };
		CD6743DD19328AEC00BC8E19 /* XCTest.framework */ = {isa = PBXFileReference; lastKnownFileType = wrapper.framework; name = XCTest.framework; path = Library/Frameworks/XCTest.framework; sourceTree = DEVELOPER_DIR; };
		CD6743E519328AEC00BC8E19 /* AppDevMessageTests-Info.plist */ = {isa = PBXFileReference; lastKnownFileType = text.plist.xml; path = "AppDevMessageTests-Info.plist"; sourceTree = "<group>"; };
		CD6743E719328AEC00BC8E19 /* en */ = {isa = PBXFileReference; lastKnownFileType = text.plist.strings; name = en; path = en.lproj/InfoPlist.strings; sourceTree = "<group>"; };
		CD6743E919328AEC00BC8E19 /* AppDevMessageTests.m */ = {isa = PBXFileReference; lastKnownFileType = sourcecode.c.objc; path = AppDevMessageTests.m; sourceTree = "<group>"; };
		CD6743F319328B7200BC8E19 /* Parse.framework */ = {isa = PBXFileReference; lastKnownFileType = wrapper.framework; path = Parse.framework; sourceTree = "<group>"; };
		CD6743F519328BF100BC8E19 /* AudioToolbox.framework */ = {isa = PBXFileReference; lastKnownFileType = wrapper.framework; name = AudioToolbox.framework; path = System/Library/Frameworks/AudioToolbox.framework; sourceTree = SDKROOT; };
		CD6743F619328BF100BC8E19 /* CFNetwork.framework */ = {isa = PBXFileReference; lastKnownFileType = wrapper.framework; name = CFNetwork.framework; path = System/Library/Frameworks/CFNetwork.framework; sourceTree = SDKROOT; };
		CD6743F719328BF100BC8E19 /* CoreLocation.framework */ = {isa = PBXFileReference; lastKnownFileType = wrapper.framework; name = CoreLocation.framework; path = System/Library/Frameworks/CoreLocation.framework; sourceTree = SDKROOT; };
		CD6743F819328BF100BC8E19 /* libz.dylib */ = {isa = PBXFileReference; lastKnownFileType = "compiled.mach-o.dylib"; name = libz.dylib; path = usr/lib/libz.dylib; sourceTree = SDKROOT; };
		CD6743F919328BF100BC8E19 /* MobileCoreServices.framework */ = {isa = PBXFileReference; lastKnownFileType = wrapper.framework; name = MobileCoreServices.framework; path = System/Library/Frameworks/MobileCoreServices.framework; sourceTree = SDKROOT; };
		CD6743FA19328BF100BC8E19 /* QuartzCore.framework */ = {isa = PBXFileReference; lastKnownFileType = wrapper.framework; name = QuartzCore.framework; path = System/Library/Frameworks/QuartzCore.framework; sourceTree = SDKROOT; };
		CD6743FB19328BF100BC8E19 /* Security.framework */ = {isa = PBXFileReference; lastKnownFileType = wrapper.framework; name = Security.framework; path = System/Library/Frameworks/Security.framework; sourceTree = SDKROOT; };
		CD6743FC19328BF100BC8E19 /* StoreKit.framework */ = {isa = PBXFileReference; lastKnownFileType = wrapper.framework; name = StoreKit.framework; path = System/Library/Frameworks/StoreKit.framework; sourceTree = SDKROOT; };
		CD6743FD19328BF100BC8E19 /* SystemConfiguration.framework */ = {isa = PBXFileReference; lastKnownFileType = wrapper.framework; name = SystemConfiguration.framework; path = System/Library/Frameworks/SystemConfiguration.framework; sourceTree = SDKROOT; };
		CD67440A1932920C00BC8E19 /* PSNewMessageViewController.h */ = {isa = PBXFileReference; fileEncoding = 4; lastKnownFileType = sourcecode.c.h; name = PSNewMessageViewController.h; path = ../PSNewMessageViewController.h; sourceTree = "<group>"; };
		CD67440B1932920C00BC8E19 /* PSNewMessageViewController.m */ = {isa = PBXFileReference; fileEncoding = 4; lastKnownFileType = sourcecode.c.objc; name = PSNewMessageViewController.m; path = ../PSNewMessageViewController.m; sourceTree = "<group>"; };
/* End PBXFileReference section */

/* Begin PBXFrameworksBuildPhase section */
		CD6743B519328AEB00BC8E19 /* Frameworks */ = {
			isa = PBXFrameworksBuildPhase;
			buildActionMask = 2147483647;
			files = (
				CD6743FE19328BF100BC8E19 /* AudioToolbox.framework in Frameworks */,
				CD6743FF19328BF100BC8E19 /* CFNetwork.framework in Frameworks */,
				CD67440019328BF100BC8E19 /* CoreLocation.framework in Frameworks */,
				CD67440119328BF100BC8E19 /* libz.dylib in Frameworks */,
				CD67440219328BF100BC8E19 /* MobileCoreServices.framework in Frameworks */,
				CD67440319328BF100BC8E19 /* QuartzCore.framework in Frameworks */,
				CD67440419328BF100BC8E19 /* Security.framework in Frameworks */,
				CD67440519328BF100BC8E19 /* StoreKit.framework in Frameworks */,
				CD67440619328BF100BC8E19 /* SystemConfiguration.framework in Frameworks */,
				CD6743BE19328AEB00BC8E19 /* CoreGraphics.framework in Frameworks */,
				CD6743C019328AEB00BC8E19 /* UIKit.framework in Frameworks */,
				CD6743F419328B7200BC8E19 /* Parse.framework in Frameworks */,
				CD6743BC19328AEB00BC8E19 /* Foundation.framework in Frameworks */,
			);
			runOnlyForDeploymentPostprocessing = 0;
		};
		CD6743D919328AEC00BC8E19 /* Frameworks */ = {
			isa = PBXFrameworksBuildPhase;
			buildActionMask = 2147483647;
			files = (
				CD6743DE19328AEC00BC8E19 /* XCTest.framework in Frameworks */,
				CD6743E019328AEC00BC8E19 /* UIKit.framework in Frameworks */,
				CD6743DF19328AEC00BC8E19 /* Foundation.framework in Frameworks */,
			);
			runOnlyForDeploymentPostprocessing = 0;
		};
/* End PBXFrameworksBuildPhase section */

/* Begin PBXGroup section */
		CD6743AF19328AEB00BC8E19 = {
			isa = PBXGroup;
			children = (
				CD6743C119328AEB00BC8E19 /* AppDevMessage */,
				CD6743E319328AEC00BC8E19 /* AppDevMessageTests */,
				CD6743BA19328AEB00BC8E19 /* Frameworks */,
				CD6743B919328AEB00BC8E19 /* Products */,
			);
			sourceTree = "<group>";
		};
		CD6743B919328AEB00BC8E19 /* Products */ = {
			isa = PBXGroup;
			children = (
				CD6743B819328AEB00BC8E19 /* AppDevMessage.app */,
				CD6743DC19328AEC00BC8E19 /* AppDevMessageTests.xctest */,
			);
			name = Products;
			sourceTree = "<group>";
		};
		CD6743BA19328AEB00BC8E19 /* Frameworks */ = {
			isa = PBXGroup;
			children = (
				CD6743F519328BF100BC8E19 /* AudioToolbox.framework */,
				CD6743F619328BF100BC8E19 /* CFNetwork.framework */,
				CD6743F719328BF100BC8E19 /* CoreLocation.framework */,
				CD6743F819328BF100BC8E19 /* libz.dylib */,
				CD6743F919328BF100BC8E19 /* MobileCoreServices.framework */,
				CD6743FA19328BF100BC8E19 /* QuartzCore.framework */,
				CD6743FB19328BF100BC8E19 /* Security.framework */,
				CD6743FC19328BF100BC8E19 /* StoreKit.framework */,
				CD6743FD19328BF100BC8E19 /* SystemConfiguration.framework */,
				CD6743F319328B7200BC8E19 /* Parse.framework */,
				CD6743BB19328AEB00BC8E19 /* Foundation.framework */,
				CD6743BD19328AEB00BC8E19 /* CoreGraphics.framework */,
				CD6743BF19328AEB00BC8E19 /* UIKit.framework */,
				CD6743DD19328AEC00BC8E19 /* XCTest.framework */,
			);
			name = Frameworks;
			sourceTree = "<group>";
		};
		CD6743C119328AEB00BC8E19 /* AppDevMessage */ = {
			isa = PBXGroup;
			children = (
				CD6743CA19328AEB00BC8E19 /* PSAppDelegate.h */,
				CD6743CB19328AEB00BC8E19 /* PSAppDelegate.m */,
				CD6743CD19328AEB00BC8E19 /* Main.storyboard */,
				CD6743D019328AEB00BC8E19 /* PSMasterViewController.h */,
				CD6743D119328AEB00BC8E19 /* PSMasterViewController.m */,
				CD6743D319328AEB00BC8E19 /* PSDetailViewController.h */,
				CD6743D419328AEB00BC8E19 /* PSDetailViewController.m */,
				CD67440A1932920C00BC8E19 /* PSNewMessageViewController.h */,
				CD67440B1932920C00BC8E19 /* PSNewMessageViewController.m */,
				CD0791BB1933A02A00FC245D /* PSEditMessageViewController.h */,
				CD0791BC1933A02A00FC245D /* PSEditMessageViewController.m */,
				CD6743D619328AEB00BC8E19 /* Images.xcassets */,
				CD6743C219328AEB00BC8E19 /* Supporting Files */,
			);
			path = AppDevMessage;
			sourceTree = "<group>";
		};
		CD6743C219328AEB00BC8E19 /* Supporting Files */ = {
			isa = PBXGroup;
			children = (
				CD6743C319328AEB00BC8E19 /* AppDevMessage-Info.plist */,
				CD6743C419328AEB00BC8E19 /* InfoPlist.strings */,
				CD6743C719328AEB00BC8E19 /* main.m */,
				CD6743C919328AEB00BC8E19 /* AppDevMessage-Prefix.pch */,
			);
			name = "Supporting Files";
			sourceTree = "<group>";
		};
		CD6743E319328AEC00BC8E19 /* AppDevMessageTests */ = {
			isa = PBXGroup;
			children = (
				CD6743E919328AEC00BC8E19 /* AppDevMessageTests.m */,
				CD6743E419328AEC00BC8E19 /* Supporting Files */,
			);
			path = AppDevMessageTests;
			sourceTree = "<group>";
		};
		CD6743E419328AEC00BC8E19 /* Supporting Files */ = {
			isa = PBXGroup;
			children = (
				CD6743E519328AEC00BC8E19 /* AppDevMessageTests-Info.plist */,
				CD6743E619328AEC00BC8E19 /* InfoPlist.strings */,
			);
			name = "Supporting Files";
			sourceTree = "<group>";
		};
/* End PBXGroup section */

/* Begin PBXNativeTarget section */
		CD6743B719328AEB00BC8E19 /* AppDevMessage */ = {
			isa = PBXNativeTarget;
			buildConfigurationList = CD6743ED19328AEC00BC8E19 /* Build configuration list for PBXNativeTarget "AppDevMessage" */;
			buildPhases = (
				CD6743B419328AEB00BC8E19 /* Sources */,
				CD6743B519328AEB00BC8E19 /* Frameworks */,
				CD6743B619328AEB00BC8E19 /* Resources */,
			);
			buildRules = (
			);
			dependencies = (
			);
			name = AppDevMessage;
			productName = AppDevMessage;
			productReference = CD6743B819328AEB00BC8E19 /* AppDevMessage.app */;
			productType = "com.apple.product-type.application";
		};
		CD6743DB19328AEC00BC8E19 /* AppDevMessageTests */ = {
			isa = PBXNativeTarget;
			buildConfigurationList = CD6743F019328AEC00BC8E19 /* Build configuration list for PBXNativeTarget "AppDevMessageTests" */;
			buildPhases = (
				CD6743D819328AEC00BC8E19 /* Sources */,
				CD6743D919328AEC00BC8E19 /* Frameworks */,
				CD6743DA19328AEC00BC8E19 /* Resources */,
			);
			buildRules = (
			);
			dependencies = (
				CD6743E219328AEC00BC8E19 /* PBXTargetDependency */,
			);
			name = AppDevMessageTests;
			productName = AppDevMessageTests;
			productReference = CD6743DC19328AEC00BC8E19 /* AppDevMessageTests.xctest */;
			productType = "com.apple.product-type.bundle.unit-test";
		};
/* End PBXNativeTarget section */

/* Begin PBXProject section */
		CD6743B019328AEB00BC8E19 /* Project object */ = {
			isa = PBXProject;
			attributes = {
				CLASSPREFIX = PS;
				LastUpgradeCheck = 0510;
				ORGANIZATIONNAME = "Patrick Slough";
				TargetAttributes = {
					CD6743DB19328AEC00BC8E19 = {
						TestTargetID = CD6743B719328AEB00BC8E19;
					};
				};
			};
			buildConfigurationList = CD6743B319328AEB00BC8E19 /* Build configuration list for PBXProject "AppDevMessage" */;
			compatibilityVersion = "Xcode 3.2";
			developmentRegion = English;
			hasScannedForEncodings = 0;
			knownRegions = (
				en,
				Base,
			);
			mainGroup = CD6743AF19328AEB00BC8E19;
			productRefGroup = CD6743B919328AEB00BC8E19 /* Products */;
			projectDirPath = "";
			projectRoot = "";
			targets = (
				CD6743B719328AEB00BC8E19 /* AppDevMessage */,
				CD6743DB19328AEC00BC8E19 /* AppDevMessageTests */,
			);
		};
/* End PBXProject section */

/* Begin PBXResourcesBuildPhase section */
		CD6743B619328AEB00BC8E19 /* Resources */ = {
			isa = PBXResourcesBuildPhase;
			buildActionMask = 2147483647;
			files = (
				CD6743D719328AEB00BC8E19 /* Images.xcassets in Resources */,
				CD6743C619328AEB00BC8E19 /* InfoPlist.strings in Resources */,
				CD6743CF19328AEB00BC8E19 /* Main.storyboard in Resources */,
			);
			runOnlyForDeploymentPostprocessing = 0;
		};
		CD6743DA19328AEC00BC8E19 /* Resources */ = {
			isa = PBXResourcesBuildPhase;
			buildActionMask = 2147483647;
			files = (
				CD6743E819328AEC00BC8E19 /* InfoPlist.strings in Resources */,
			);
			runOnlyForDeploymentPostprocessing = 0;
		};
/* End PBXResourcesBuildPhase section */

/* Begin PBXSourcesBuildPhase section */
		CD6743B419328AEB00BC8E19 /* Sources */ = {
			isa = PBXSourcesBuildPhase;
			buildActionMask = 2147483647;
			files = (
				CD6743D519328AEB00BC8E19 /* PSDetailViewController.m in Sources */,
				CD0791BD1933A02A00FC245D /* PSEditMessageViewController.m in Sources */,
				CD6743C819328AEB00BC8E19 /* main.m in Sources */,
				CD6743CC19328AEB00BC8E19 /* PSAppDelegate.m in Sources */,
				CD67440C1932920C00BC8E19 /* PSNewMessageViewController.m in Sources */,
				CD6743D219328AEB00BC8E19 /* PSMasterViewController.m in Sources */,
			);
			runOnlyForDeploymentPostprocessing = 0;
		};
		CD6743D819328AEC00BC8E19 /* Sources */ = {
			isa = PBXSourcesBuildPhase;
			buildActionMask = 2147483647;
			files = (
				CD6743EA19328AEC00BC8E19 /* AppDevMessageTests.m in Sources */,
			);
			runOnlyForDeploymentPostprocessing = 0;
		};
/* End PBXSourcesBuildPhase section */

/* Begin PBXTargetDependency section */
		CD6743E219328AEC00BC8E19 /* PBXTargetDependency */ = {
			isa = PBXTargetDependency;
			target = CD6743B719328AEB00BC8E19 /* AppDevMessage */;
			targetProxy = CD6743E119328AEC00BC8E19 /* PBXContainerItemProxy */;
		};
/* End PBXTargetDependency section */

/* Begin PBXVariantGroup section */
		CD6743C419328AEB00BC8E19 /* InfoPlist.strings */ = {
			isa = PBXVariantGroup;
			children = (
				CD6743C519328AEB00BC8E19 /* en */,
			);
			name = InfoPlist.strings;
			sourceTree = "<group>";
		};
		CD6743CD19328AEB00BC8E19 /* Main.storyboard */ = {
			isa = PBXVariantGroup;
			children = (
				CD6743CE19328AEB00BC8E19 /* Base */,
			);
			name = Main.storyboard;
			sourceTree = "<group>";
		};
		CD6743E619328AEC00BC8E19 /* InfoPlist.strings */ = {
			isa = PBXVariantGroup;
			children = (
				CD6743E719328AEC00BC8E19 /* en */,
			);
			name = InfoPlist.strings;
			sourceTree = "<group>";
		};
/* End PBXVariantGroup section */

/* Begin XCBuildConfiguration section */
		CD6743EB19328AEC00BC8E19 /* Debug */ = {
			isa = XCBuildConfiguration;
			buildSettings = {
				ALWAYS_SEARCH_USER_PATHS = NO;
				CLANG_CXX_LANGUAGE_STANDARD = "gnu++0x";
				CLANG_CXX_LIBRARY = "libc++";
				CLANG_ENABLE_MODULES = YES;
				CLANG_ENABLE_OBJC_ARC = YES;
				CLANG_WARN_BOOL_CONVERSION = YES;
				CLANG_WARN_CONSTANT_CONVERSION = YES;
				CLANG_WARN_DIRECT_OBJC_ISA_USAGE = YES_ERROR;
				CLANG_WARN_EMPTY_BODY = YES;
				CLANG_WARN_ENUM_CONVERSION = YES;
				CLANG_WARN_INT_CONVERSION = YES;
				CLANG_WARN_OBJC_ROOT_CLASS = YES_ERROR;
				CLANG_WARN__DUPLICATE_METHOD_MATCH = YES;
				"CODE_SIGN_IDENTITY[sdk=iphoneos*]" = "iPhone Developer";
				COPY_PHASE_STRIP = NO;
				GCC_C_LANGUAGE_STANDARD = gnu99;
				GCC_DYNAMIC_NO_PIC = NO;
				GCC_OPTIMIZATION_LEVEL = 0;
				GCC_PREPROCESSOR_DEFINITIONS = (
					"DEBUG=1",
					"$(inherited)",
				);
				GCC_SYMBOLS_PRIVATE_EXTERN = NO;
				GCC_WARN_64_TO_32_BIT_CONVERSION = YES;
				GCC_WARN_ABOUT_RETURN_TYPE = YES_ERROR;
				GCC_WARN_UNDECLARED_SELECTOR = YES;
				GCC_WARN_UNINITIALIZED_AUTOS = YES_AGGRESSIVE;
				GCC_WARN_UNUSED_FUNCTION = YES;
				GCC_WARN_UNUSED_VARIABLE = YES;
				IPHONEOS_DEPLOYMENT_TARGET = 7.1;
				ONLY_ACTIVE_ARCH = YES;
				SDKROOT = iphoneos;
			};
			name = Debug;
		};
		CD6743EC19328AEC00BC8E19 /* Release */ = {
			isa = XCBuildConfiguration;
			buildSettings = {
				ALWAYS_SEARCH_USER_PATHS = NO;
				CLANG_CXX_LANGUAGE_STANDARD = "gnu++0x";
				CLANG_CXX_LIBRARY = "libc++";
				CLANG_ENABLE_MODULES = YES;
				CLANG_ENABLE_OBJC_ARC = YES;
				CLANG_WARN_BOOL_CONVERSION = YES;
				CLANG_WARN_CONSTANT_CONVERSION = YES;
				CLANG_WARN_DIRECT_OBJC_ISA_USAGE = YES_ERROR;
				CLANG_WARN_EMPTY_BODY = YES;
				CLANG_WARN_ENUM_CONVERSION = YES;
				CLANG_WARN_INT_CONVERSION = YES;
				CLANG_WARN_OBJC_ROOT_CLASS = YES_ERROR;
				CLANG_WARN__DUPLICATE_METHOD_MATCH = YES;
				"CODE_SIGN_IDENTITY[sdk=iphoneos*]" = "iPhone Developer";
				COPY_PHASE_STRIP = YES;
				ENABLE_NS_ASSERTIONS = NO;
				GCC_C_LANGUAGE_STANDARD = gnu99;
				GCC_WARN_64_TO_32_BIT_CONVERSION = YES;
				GCC_WARN_ABOUT_RETURN_TYPE = YES_ERROR;
				GCC_WARN_UNDECLARED_SELECTOR = YES;
				GCC_WARN_UNINITIALIZED_AUTOS = YES_AGGRESSIVE;
				GCC_WARN_UNUSED_FUNCTION = YES;
				GCC_WARN_UNUSED_VARIABLE = YES;
				IPHONEOS_DEPLOYMENT_TARGET = 7.1;
				SDKROOT = iphoneos;
				VALIDATE_PRODUCT = YES;
			};
			name = Release;
		};
		CD6743EE19328AEC00BC8E19 /* Debug */ = {
			isa = XCBuildConfiguration;
			buildSettings = {
				ASSETCATALOG_COMPILER_APPICON_NAME = AppIcon;
				ASSETCATALOG_COMPILER_LAUNCHIMAGE_NAME = LaunchImage;
				FRAMEWORK_SEARCH_PATHS = (
					"$(inherited)",
					"$(PROJECT_DIR)",
				);
				GCC_PRECOMPILE_PREFIX_HEADER = YES;
				GCC_PREFIX_HEADER = "AppDevMessage/AppDevMessage-Prefix.pch";
				INFOPLIST_FILE = "AppDevMessage/AppDevMessage-Info.plist";
				PRODUCT_NAME = "$(TARGET_NAME)";
				WRAPPER_EXTENSION = app;
			};
			name = Debug;
		};
		CD6743EF19328AEC00BC8E19 /* Release */ = {
			isa = XCBuildConfiguration;
			buildSettings = {
				ASSETCATALOG_COMPILER_APPICON_NAME = AppIcon;
				ASSETCATALOG_COMPILER_LAUNCHIMAGE_NAME = LaunchImage;
				FRAMEWORK_SEARCH_PATHS = (
					"$(inherited)",
					"$(PROJECT_DIR)",
				);
				GCC_PRECOMPILE_PREFIX_HEADER = YES;
				GCC_PREFIX_HEADER = "AppDevMessage/AppDevMessage-Prefix.pch";
				INFOPLIST_FILE = "AppDevMessage/AppDevMessage-Info.plist";
				PRODUCT_NAME = "$(TARGET_NAME)";
				WRAPPER_EXTENSION = app;
			};
			name = Release;
		};
		CD6743F119328AEC00BC8E19 /* Debug */ = {
			isa = XCBuildConfiguration;
			buildSettings = {
				BUNDLE_LOADER = "$(BUILT_PRODUCTS_DIR)/AppDevMessage.app/AppDevMessage";
				FRAMEWORK_SEARCH_PATHS = (
					"$(SDKROOT)/Developer/Library/Frameworks",
					"$(inherited)",
					"$(DEVELOPER_FRAMEWORKS_DIR)",
				);
				GCC_PRECOMPILE_PREFIX_HEADER = YES;
				GCC_PREFIX_HEADER = "AppDevMessage/AppDevMessage-Prefix.pch";
				GCC_PREPROCESSOR_DEFINITIONS = (
					"DEBUG=1",
					"$(inherited)",
				);
				INFOPLIST_FILE = "AppDevMessageTests/AppDevMessageTests-Info.plist";
				PRODUCT_NAME = "$(TARGET_NAME)";
				TEST_HOST = "$(BUNDLE_LOADER)";
				WRAPPER_EXTENSION = xctest;
			};
			name = Debug;
		};
		CD6743F219328AEC00BC8E19 /* Release */ = {
			isa = XCBuildConfiguration;
			buildSettings = {
				BUNDLE_LOADER = "$(BUILT_PRODUCTS_DIR)/AppDevMessage.app/AppDevMessage";
				FRAMEWORK_SEARCH_PATHS = (
					"$(SDKROOT)/Developer/Library/Frameworks",
					"$(inherited)",
					"$(DEVELOPER_FRAMEWORKS_DIR)",
				);
				GCC_PRECOMPILE_PREFIX_HEADER = YES;
				GCC_PREFIX_HEADER = "AppDevMessage/AppDevMessage-Prefix.pch";
				INFOPLIST_FILE = "AppDevMessageTests/AppDevMessageTests-Info.plist";
				PRODUCT_NAME = "$(TARGET_NAME)";
				TEST_HOST = "$(BUNDLE_LOADER)";
				WRAPPER_EXTENSION = xctest;
			};
			name = Release;
		};
/* End XCBuildConfiguration section */

/* Begin XCConfigurationList section */
		CD6743B319328AEB00BC8E19 /* Build configuration list for PBXProject "AppDevMessage" */ = {
			isa = XCConfigurationList;
			buildConfigurations = (
				CD6743EB19328AEC00BC8E19 /* Debug */,
				CD6743EC19328AEC00BC8E19 /* Release */,
			);
			defaultConfigurationIsVisible = 0;
			defaultConfigurationName = Release;
		};
		CD6743ED19328AEC00BC8E19 /* Build configuration list for PBXNativeTarget "AppDevMessage" */ = {
			isa = XCConfigurationList;
			buildConfigurations = (
				CD6743EE19328AEC00BC8E19 /* Debug */,
				CD6743EF19328AEC00BC8E19 /* Release */,
			);
			defaultConfigurationIsVisible = 0;
			defaultConfigurationName = Release;
		};
		CD6743F019328AEC00BC8E19 /* Build configuration list for PBXNativeTarget "AppDevMessageTests" */ = {
			isa = XCConfigurationList;
			buildConfigurations = (
				CD6743F119328AEC00BC8E19 /* Debug */,
				CD6743F219328AEC00BC8E19 /* Release */,
			);
			defaultConfigurationIsVisible = 0;
			defaultConfigurationName = Release;
		};
/* End XCConfigurationList section */
	};
	rootObject = CD6743B019328AEB00BC8E19 /* Project object */;
}
